
Microsoft Visual Studio Solution File, Format Version 12.00
# Visual Studio Version 17
VisualStudioVersion = 17.9.34607.119
MinimumVisualStudioVersion = 10.0.40219.1
Project("{FAE04EC0-301F-11D3-BF4B-00C04F79EFBC}") = "SocialMediaAppAPI", "SocialMediaAppAPI\SocialMediaAppAPI.csproj", "{C58FE849-026A-45E4-94B3-6D1ADDAB5DDF}"
EndProject
Global
	GlobalSection(SolutionConfigurationPlatforms) = preSolution
		Debug|Any CPU = Debug|Any CPU
		Release|Any CPU = Release|Any CPU
	EndGlobalSection
	GlobalSection(ProjectConfigurationPlatforms) = postSolution
		{C58FE849-026A-45E4-94B3-6D1ADDAB5DDF}.Debug|Any CPU.ActiveCfg = Debug|Any CPU
		{C58FE849-026A-45E4-94B3-6D1ADDAB5DDF}.Debug|Any CPU.Build.0 = Debug|Any CPU
		{C58FE849-026A-45E4-94B3-6D1ADDAB5DDF}.Release|Any CPU.ActiveCfg = Release|Any CPU
		{C58FE849-026A-45E4-94B3-6D1ADDAB5DDF}.Release|Any CPU.Build.0 = Release|Any CPU
	EndGlobalSection
	GlobalSection(SolutionProperties) = preSolution
		HideSolutionNode = FALSE
	EndGlobalSection
	GlobalSection(ExtensibilityGlobals) = postSolution
		SolutionGuid = {1411733A-ECFA-4C03-9E7E-629BE43CD20A}
	EndGlobalSection
EndGlobal
